
Microsoft Visual Studio Solution File, Format Version 12.00
# Visual Studio Version 17
VisualStudioVersion = 17.8.34511.84
MinimumVisualStudioVersion = 10.0.40219.1
Project("{FAE04EC0-301F-11D3-BF4B-00C04F79EFBC}") = "Group9-VillageNewbies", "Group9-VillageNewbies.csproj", "{47712389-AF0D-4F22-9ADB-9A3AAAB62A8E}"
EndProject
Global
	GlobalSection(SolutionConfigurationPlatforms) = preSolution
		Debug|Any CPU = Debug|Any CPU
		Release|Any CPU = Release|Any CPU
	EndGlobalSection
	GlobalSection(ProjectConfigurationPlatforms) = postSolution
		{47712389-AF0D-4F22-9ADB-9A3AAAB62A8E}.Debug|Any CPU.ActiveCfg = Debug|Any CPU
		{47712389-AF0D-4F22-9ADB-9A3AAAB62A8E}.Debug|Any CPU.Build.0 = Debug|Any CPU
		{47712389-AF0D-4F22-9ADB-9A3AAAB62A8E}.Release|Any CPU.ActiveCfg = Release|Any CPU
		{47712389-AF0D-4F22-9ADB-9A3AAAB62A8E}.Release|Any CPU.Build.0 = Release|Any CPU
	EndGlobalSection
	GlobalSection(SolutionProperties) = preSolution
		HideSolutionNode = FALSE
	EndGlobalSection
	GlobalSection(ExtensibilityGlobals) = postSolution
		SolutionGuid = {61407BDD-4CE0-46E4-BB6D-66048D6EA358}
	EndGlobalSection
EndGlobal
